
Microsoft Visual Studio Solution File, Format Version 12.00
# Visual Studio Version 16
VisualStudioVersion = 16.0.30804.86
MinimumVisualStudioVersion = 10.0.40219.1
Project("{FAE04EC0-301F-11D3-BF4B-00C04F79EFBC}") = "Lamda_expressions_for_strings", "Lamda_expressions_for_strings.csproj", "{496F38AA-2163-494C-B1DF-282C0EE162F1}"
EndProject
Global
	GlobalSection(SolutionConfigurationPlatforms) = preSolution
		Debug|Any CPU = Debug|Any CPU
		Release|Any CPU = Release|Any CPU
	EndGlobalSection
	GlobalSection(ProjectConfigurationPlatforms) = postSolution
		{496F38AA-2163-494C-B1DF-282C0EE162F1}.Debug|Any CPU.ActiveCfg = Debug|Any CPU
		{496F38AA-2163-494C-B1DF-282C0EE162F1}.Debug|Any CPU.Build.0 = Debug|Any CPU
		{496F38AA-2163-494C-B1DF-282C0EE162F1}.Release|Any CPU.ActiveCfg = Release|Any CPU
		{496F38AA-2163-494C-B1DF-282C0EE162F1}.Release|Any CPU.Build.0 = Release|Any CPU
	EndGlobalSection
	GlobalSection(SolutionProperties) = preSolution
		HideSolutionNode = FALSE
	EndGlobalSection
	GlobalSection(ExtensibilityGlobals) = postSolution
		SolutionGuid = {59E12FF1-91CB-4AE5-904C-3822F5EC19BE}
	EndGlobalSection
EndGlobal
